{
  "requires": true,
  "lockfileVersion": 1,
  "dependencies": {
    "d3-ease": {
      "version": "1.0.3",
      "resolved": "https://registry.npmjs.org/d3-ease/-/d3-ease-1.0.3.tgz",
      "integrity": "sha1-aL+8NJM4o4DETYrMT7wzBKotjA4="
    },
    "segment-js": {
      "version": "1.0.8",
      "resolved": "https://registry.npmjs.org/segment-js/-/segment-js-1.0.8.tgz",
      "integrity": "sha1-g0ZYo66glG9CH2RHnWcN7k/sDYs="
    }
  }
}
